// !$*UTF8*$!
{
	archiveVersion = 1;
	classes = {
	};
	objectVersion = 50;
	objects = {

/* Begin PBXBuildFile section */
		6D2C2F062265081A00380236 /* StdMethods.swift in Sources */ = {isa = PBXBuildFile; fileRef = 6D2C2F052265081A00380236 /* StdMethods.swift */; };
		6D2C2F092265089500380236 /* OperatorGrid.swift in Sources */ = {isa = PBXBuildFile; fileRef = 6D2C2F072265089500380236 /* OperatorGrid.swift */; };
		6D2C2F0A2265089500380236 /* OperatorSquare.swift in Sources */ = {isa = PBXBuildFile; fileRef = 6D2C2F082265089500380236 /* OperatorSquare.swift */; };
		6D8B785E2264EF8100B65877 /* AppDelegate.swift in Sources */ = {isa = PBXBuildFile; fileRef = 6D8B785D2264EF8100B65877 /* AppDelegate.swift */; };
		6D8B78602264EF8100B65877 /* CalculatorViewController.swift in Sources */ = {isa = PBXBuildFile; fileRef = 6D8B785F2264EF8100B65877 /* CalculatorViewController.swift */; };
		6D8B78652264EF8200B65877 /* Assets.xcassets in Resources */ = {isa = PBXBuildFile; fileRef = 6D8B78642264EF8200B65877 /* Assets.xcassets */; };
		6D8B78682264EF8200B65877 /* LaunchScreen.storyboard in Resources */ = {isa = PBXBuildFile; fileRef = 6D8B78662264EF8200B65877 /* LaunchScreen.storyboard */; };
/* End PBXBuildFile section */

/* Begin PBXFileReference section */
		6D2C2F052265081A00380236 /* StdMethods.swift */ = {isa = PBXFileReference; lastKnownFileType = sourcecode.swift; path = StdMethods.swift; sourceTree = "<group>"; };
		6D2C2F072265089500380236 /* OperatorGrid.swift */ = {isa = PBXFileReference; fileEncoding = 4; lastKnownFileType = sourcecode.swift; name = OperatorGrid.swift; path = Calculator/Views/OperatorGrid.swift; sourceTree = SOURCE_ROOT; };
		6D2C2F082265089500380236 /* OperatorSquare.swift */ = {isa = PBXFileReference; fileEncoding = 4; lastKnownFileType = sourcecode.swift; name = OperatorSquare.swift; path = Calculator/Views/OperatorSquare.swift; sourceTree = SOURCE_ROOT; };
		6D8B785A2264EF8100B65877 /* Calculator.app */ = {isa = PBXFileReference; explicitFileType = wrapper.application; includeInIndex = 0; path = Calculator.app; sourceTree = BUILT_PRODUCTS_DIR; };
		6D8B785D2264EF8100B65877 /* AppDelegate.swift */ = {isa = PBXFileReference; lastKnownFileType = sourcecode.swift; path = AppDelegate.swift; sourceTree = "<group>"; };
		6D8B785F2264EF8100B65877 /* CalculatorViewController.swift */ = {isa = PBXFileReference; lastKnownFileType = sourcecode.swift; path = CalculatorViewController.swift; sourceTree = "<group>"; };
		6D8B78642264EF8200B65877 /* Assets.xcassets */ = {isa = PBXFileReference; lastKnownFileType = folder.assetcatalog; path = Assets.xcassets; sourceTree = "<group>"; };
		6D8B78672264EF8200B65877 /* Base */ = {isa = PBXFileReference; lastKnownFileType = file.storyboard; name = Base; path = Base.lproj/LaunchScreen.storyboard; sourceTree = "<group>"; };
		6D8B78692264EF8200B65877 /* Info.plist */ = {isa = PBXFileReference; lastKnownFileType = text.plist.xml; path = Info.plist; sourceTree = "<group>"; };
/* End PBXFileReference section */

/* Begin PBXFrameworksBuildPhase section */
		6D8B78572264EF8100B65877 /* Frameworks */ = {
			isa = PBXFrameworksBuildPhase;
			buildActionMask = 2147483647;
			files = (
			);
			runOnlyForDeploymentPostprocessing = 0;
		};
/* End PBXFrameworksBuildPhase section */

/* Begin PBXGroup section */
		6D2C2F042265080A00380236 /* Extensions */ = {
			isa = PBXGroup;
			children = (
				6D2C2F052265081A00380236 /* StdMethods.swift */,
			);
			path = Extensions;
			sourceTree = "<group>";
		};
		6D8B78512264EF8100B65877 = {
			isa = PBXGroup;
			children = (
				6D8B785C2264EF8100B65877 /* Calculator */,
				6D8B785B2264EF8100B65877 /* Products */,
			);
			sourceTree = "<group>";
		};
		6D8B785B2264EF8100B65877 /* Products */ = {
			isa = PBXGroup;
			children = (
				6D8B785A2264EF8100B65877 /* Calculator.app */,
			);
			name = Products;
			sourceTree = "<group>";
		};
		6D8B785C2264EF8100B65877 /* Calculator */ = {
			isa = PBXGroup;
			children = (
				6D8B78692264EF8200B65877 /* Info.plist */,
				6D8B785D2264EF8100B65877 /* AppDelegate.swift */,
				6D2C2F042265080A00380236 /* Extensions */,
				6D8B786F2264F01200B65877 /* Pages */,
				6D8B78732264F14B00B65877 /* Views */,
				6D8B78702264F02500B65877 /* Ressources */,
			);
			path = Calculator;
			sourceTree = "<group>";
		};
		6D8B786F2264F01200B65877 /* Pages */ = {
			isa = PBXGroup;
			children = (
				6D8B78722264F08600B65877 /* Launch */,
				6D8B78712264F06900B65877 /* Main */,
			);
			path = Pages;
			sourceTree = "<group>";
		};
		6D8B78702264F02500B65877 /* Ressources */ = {
			isa = PBXGroup;
			children = (
				6D8B78642264EF8200B65877 /* Assets.xcassets */,
			);
			path = Ressources;
			sourceTree = "<group>";
		};
		6D8B78712264F06900B65877 /* Main */ = {
			isa = PBXGroup;
			children = (
				6D8B785F2264EF8100B65877 /* CalculatorViewController.swift */,
			);
			path = Main;
			sourceTree = "<group>";
		};
		6D8B78722264F08600B65877 /* Launch */ = {
			isa = PBXGroup;
			children = (
				6D8B78662264EF8200B65877 /* LaunchScreen.storyboard */,
			);
			path = Launch;
			sourceTree = "<group>";
		};
		6D8B78732264F14B00B65877 /* Views */ = {
			isa = PBXGroup;
			children = (
				6D2C2F072265089500380236 /* OperatorGrid.swift */,
				6D2C2F082265089500380236 /* OperatorSquare.swift */,
			);
			path = Views;
			sourceTree = "<group>";
		};
/* End PBXGroup section */

/* Begin PBXNativeTarget section */
		6D8B78592264EF8100B65877 /* Calculator */ = {
			isa = PBXNativeTarget;
			buildConfigurationList = 6D8B786C2264EF8200B65877 /* Build configuration list for PBXNativeTarget "Calculator" */;
			buildPhases = (
				6D8B78562264EF8100B65877 /* Sources */,
				6D8B78572264EF8100B65877 /* Frameworks */,
				6D8B78582264EF8100B65877 /* Resources */,
			);
			buildRules = (
			);
			dependencies = (
			);
			name = Calculator;
			productName = Calculator;
			productReference = 6D8B785A2264EF8100B65877 /* Calculator.app */;
			productType = "com.apple.product-type.application";
		};
/* End PBXNativeTarget section */

/* Begin PBXProject section */
		6D8B78522264EF8100B65877 /* Project object */ = {
			isa = PBXProject;
			attributes = {
				LastSwiftUpdateCheck = 1020;
				LastUpgradeCheck = 1020;
				TargetAttributes = {
					6D8B78592264EF8100B65877 = {
						CreatedOnToolsVersion = 10.2;
					};
				};
			};
			buildConfigurationList = 6D8B78552264EF8100B65877 /* Build configuration list for PBXProject "Calculator" */;
			compatibilityVersion = "Xcode 9.3";
			developmentRegion = en;
			hasScannedForEncodings = 0;
			knownRegions = (
				en,
				Base,
			);
			mainGroup = 6D8B78512264EF8100B65877;
			productRefGroup = 6D8B785B2264EF8100B65877 /* Products */;
			projectDirPath = "";
			projectRoot = "";
			targets = (
				6D8B78592264EF8100B65877 /* Calculator */,
			);
		};
/* End PBXProject section */

/* Begin PBXResourcesBuildPhase section */
		6D8B78582264EF8100B65877 /* Resources */ = {
			isa = PBXResourcesBuildPhase;
			buildActionMask = 2147483647;
			files = (
				6D8B78682264EF8200B65877 /* LaunchScreen.storyboard in Resources */,
				6D8B78652264EF8200B65877 /* Assets.xcassets in Resources */,
			);
			runOnlyForDeploymentPostprocessing = 0;
		};
/* End PBXResourcesBuildPhase section */

/* Begin PBXSourcesBuildPhase section */
		6D8B78562264EF8100B65877 /* Sources */ = {
			isa = PBXSourcesBuildPhase;
			buildActionMask = 2147483647;
			files = (
				6D2C2F062265081A00380236 /* StdMethods.swift in Sources */,
				6D8B78602264EF8100B65877 /* CalculatorViewController.swift in Sources */,
				6D2C2F0A2265089500380236 /* OperatorSquare.swift in Sources */,
				6D8B785E2264EF8100B65877 /* AppDelegate.swift in Sources */,
				6D2C2F092265089500380236 /* OperatorGrid.swift in Sources */,
			);
			runOnlyForDeploymentPostprocessing = 0;
		};
/* End PBXSourcesBuildPhase section */

/* Begin PBXVariantGroup section */
		6D8B78662264EF8200B65877 /* LaunchScreen.storyboard */ = {
			isa = PBXVariantGroup;
			children = (
				6D8B78672264EF8200B65877 /* Base */,
			);
			name = LaunchScreen.storyboard;
			sourceTree = "<group>";
		};
/* End PBXVariantGroup section */

/* Begin XCBuildConfiguration section */
		6D8B786A2264EF8200B65877 /* Debug */ = {
			isa = XCBuildConfiguration;
			buildSettings = {
				ALWAYS_SEARCH_USER_PATHS = NO;
				CLANG_ANALYZER_NONNULL = YES;
				CLANG_ANALYZER_NUMBER_OBJECT_CONVERSION = YES_AGGRESSIVE;
				CLANG_CXX_LANGUAGE_STANDARD = "gnu++14";
				CLANG_CXX_LIBRARY = "libc++";
				CLANG_ENABLE_MODULES = YES;
				CLANG_ENABLE_OBJC_ARC = YES;
				CLANG_ENABLE_OBJC_WEAK = YES;
				CLANG_WARN_BLOCK_CAPTURE_AUTORELEASING = YES;
				CLANG_WARN_BOOL_CONVERSION = YES;
				CLANG_WARN_COMMA = YES;
				CLANG_WARN_CONSTANT_CONVERSION = YES;
				CLANG_WARN_DEPRECATED_OBJC_IMPLEMENTATIONS = YES;
				CLANG_WARN_DIRECT_OBJC_ISA_USAGE = YES_ERROR;
				CLANG_WARN_DOCUMENTATION_COMMENTS = YES;
				CLANG_WARN_EMPTY_BODY = YES;
				CLANG_WARN_ENUM_CONVERSION = YES;
				CLANG_WARN_INFINITE_RECURSION = YES;
				CLANG_WARN_INT_CONVERSION = YES;
				CLANG_WARN_NON_LITERAL_NULL_CONVERSION = YES;
				CLANG_WARN_OBJC_IMPLICIT_RETAIN_SELF = YES;
				CLANG_WARN_OBJC_LITERAL_CONVERSION = YES;
				CLANG_WARN_OBJC_ROOT_CLASS = YES_ERROR;
				CLANG_WARN_RANGE_LOOP_ANALYSIS = YES;
				CLANG_WARN_STRICT_PROTOTYPES = YES;
				CLANG_WARN_SUSPICIOUS_MOVE = YES;
				CLANG_WARN_UNGUARDED_AVAILABILITY = YES_AGGRESSIVE;
				CLANG_WARN_UNREACHABLE_CODE = YES;
				CLANG_WARN__DUPLICATE_METHOD_MATCH = YES;
				CODE_SIGN_IDENTITY = "iPhone Developer";
				COPY_PHASE_STRIP = NO;
				DEBUG_INFORMATION_FORMAT = dwarf;
				ENABLE_STRICT_OBJC_MSGSEND = YES;
				ENABLE_TESTABILITY = YES;
				GCC_C_LANGUAGE_STANDARD = gnu11;
				GCC_DYNAMIC_NO_PIC = NO;
				GCC_NO_COMMON_BLOCKS = YES;
				GCC_OPTIMIZATION_LEVEL = 0;
				GCC_PREPROCESSOR_DEFINITIONS = (
					"DEBUG=1",
					"$(inherited)",
				);
				GCC_WARN_64_TO_32_BIT_CONVERSION = YES;
				GCC_WARN_ABOUT_RETURN_TYPE = YES_ERROR;
				GCC_WARN_UNDECLARED_SELECTOR = YES;
				GCC_WARN_UNINITIALIZED_AUTOS = YES_AGGRESSIVE;
				GCC_WARN_UNUSED_FUNCTION = YES;
				GCC_WARN_UNUSED_VARIABLE = YES;
				IPHONEOS_DEPLOYMENT_TARGET = 12.2;
				MTL_ENABLE_DEBUG_INFO = INCLUDE_SOURCE;
				MTL_FAST_MATH = YES;
				ONLY_ACTIVE_ARCH = YES;
				SDKROOT = iphoneos;
				SWIFT_ACTIVE_COMPILATION_CONDITIONS = DEBUG;
				SWIFT_OPTIMIZATION_LEVEL = "-Onone";
			};
			name = Debug;
		};
		6D8B786B2264EF8200B65877 /* Release */ = {
			isa = XCBuildConfiguration;
			buildSettings = {
				ALWAYS_SEARCH_USER_PATHS = NO;
				CLANG_ANALYZER_NONNULL = YES;
				CLANG_ANALYZER_NUMBER_OBJECT_CONVERSION = YES_AGGRESSIVE;
				CLANG_CXX_LANGUAGE_STANDARD = "gnu++14";
				CLANG_CXX_LIBRARY = "libc++";
				CLANG_ENABLE_MODULES = YES;
				CLANG_ENABLE_OBJC_ARC = YES;
				CLANG_ENABLE_OBJC_WEAK = YES;
				CLANG_WARN_BLOCK_CAPTURE_AUTORELEASING = YES;
				CLANG_WARN_BOOL_CONVERSION = YES;
				CLANG_WARN_COMMA = YES;
				CLANG_WARN_CONSTANT_CONVERSION = YES;
				CLANG_WARN_DEPRECATED_OBJC_IMPLEMENTATIONS = YES;
				CLANG_WARN_DIRECT_OBJC_ISA_USAGE = YES_ERROR;
				CLANG_WARN_DOCUMENTATION_COMMENTS = YES;
				CLANG_WARN_EMPTY_BODY = YES;
				CLANG_WARN_ENUM_CONVERSION = YES;
				CLANG_WARN_INFINITE_RECURSION = YES;
				CLANG_WARN_INT_CONVERSION = YES;
				CLANG_WARN_NON_LITERAL_NULL_CONVERSION = YES;
				CLANG_WARN_OBJC_IMPLICIT_RETAIN_SELF = YES;
				CLANG_WARN_OBJC_LITERAL_CONVERSION = YES;
				CLANG_WARN_OBJC_ROOT_CLASS = YES_ERROR;
				CLANG_WARN_RANGE_LOOP_ANALYSIS = YES;
				CLANG_WARN_STRICT_PROTOTYPES = YES;
				CLANG_WARN_SUSPICIOUS_MOVE = YES;
				CLANG_WARN_UNGUARDED_AVAILABILITY = YES_AGGRESSIVE;
				CLANG_WARN_UNREACHABLE_CODE = YES;
				CLANG_WARN__DUPLICATE_METHOD_MATCH = YES;
				CODE_SIGN_IDENTITY = "iPhone Developer";
				COPY_PHASE_STRIP = NO;
				DEBUG_INFORMATION_FORMAT = "dwarf-with-dsym";
				ENABLE_NS_ASSERTIONS = NO;
				ENABLE_STRICT_OBJC_MSGSEND = YES;
				GCC_C_LANGUAGE_STANDARD = gnu11;
				GCC_NO_COMMON_BLOCKS = YES;
				GCC_WARN_64_TO_32_BIT_CONVERSION = YES;
				GCC_WARN_ABOUT_RETURN_TYPE = YES_ERROR;
				GCC_WARN_UNDECLARED_SELECTOR = YES;
				GCC_WARN_UNINITIALIZED_AUTOS = YES_AGGRESSIVE;
				GCC_WARN_UNUSED_FUNCTION = YES;
				GCC_WARN_UNUSED_VARIABLE = YES;
				IPHONEOS_DEPLOYMENT_TARGET = 12.2;
				MTL_ENABLE_DEBUG_INFO = NO;
				MTL_FAST_MATH = YES;
				SDKROOT = iphoneos;
				SWIFT_COMPILATION_MODE = wholemodule;
				SWIFT_OPTIMIZATION_LEVEL = "-O";
				VALIDATE_PRODUCT = YES;
			};
			name = Release;
		};
		6D8B786D2264EF8200B65877 /* Debug */ = {
			isa = XCBuildConfiguration;
			buildSettings = {
				ASSETCATALOG_COMPILER_APPICON_NAME = AppIcon;
				CODE_SIGN_IDENTITY = "iPhone Developer";
				CODE_SIGN_STYLE = Automatic;
				DEVELOPMENT_TEAM = SR99TY96Z9;
				INFOPLIST_FILE = Calculator/Info.plist;
				IPHONEOS_DEPLOYMENT_TARGET = 11.0;
				LD_RUNPATH_SEARCH_PATHS = (
					"$(inherited)",
					"@executable_path/Frameworks",
				);
				PRODUCT_BUNDLE_IDENTIFIER = com.overallapps.Calculator;
				PRODUCT_NAME = "$(TARGET_NAME)";
				PROVISIONING_PROFILE_SPECIFIER = "";
				SWIFT_VERSION = 5.0;
				TARGETED_DEVICE_FAMILY = 1;
			};
			name = Debug;
		};
		6D8B786E2264EF8200B65877 /* Release */ = {
			isa = XCBuildConfiguration;
			buildSettings = {
				ASSETCATALOG_COMPILER_APPICON_NAME = AppIcon;
				CODE_SIGN_IDENTITY = "iPhone Developer";
				CODE_SIGN_STYLE = Automatic;
				DEVELOPMENT_TEAM = SR99TY96Z9;
				INFOPLIST_FILE = Calculator/Info.plist;
				IPHONEOS_DEPLOYMENT_TARGET = 11.0;
				LD_RUNPATH_SEARCH_PATHS = (
					"$(inherited)",
					"@executable_path/Frameworks",
				);
				PRODUCT_BUNDLE_IDENTIFIER = com.overallapps.Calculator;
				PRODUCT_NAME = "$(TARGET_NAME)";
				PROVISIONING_PROFILE_SPECIFIER = "";
				SWIFT_VERSION = 5.0;
				TARGETED_DEVICE_FAMILY = 1;
			};
			name = Release;
		};
/* End XCBuildConfiguration section */

/* Begin XCConfigurationList section */
		6D8B78552264EF8100B65877 /* Build configuration list for PBXProject "Calculator" */ = {
			isa = XCConfigurationList;
			buildConfigurations = (
				6D8B786A2264EF8200B65877 /* Debug */,
				6D8B786B2264EF8200B65877 /* Release */,
			);
			defaultConfigurationIsVisible = 0;
			defaultConfigurationName = Release;
		};
		6D8B786C2264EF8200B65877 /* Build configuration list for PBXNativeTarget "Calculator" */ = {
			isa = XCConfigurationList;
			buildConfigurations = (
				6D8B786D2264EF8200B65877 /* Debug */,
				6D8B786E2264EF8200B65877 /* Release */,
			);
			defaultConfigurationIsVisible = 0;
			defaultConfigurationName = Release;
		};
/* End XCConfigurationList section */
	};
	rootObject = 6D8B78522264EF8100B65877 /* Project object */;
}
