// !$*UTF8*$!
{
	archiveVersion = 1;
	classes = {
	};
	objectVersion = 50;
	objects = {

/* Begin PBXBuildFile section */
		6D0279502267CC6A002E7C85 /* RequestBuilder.swift in Sources */ = {isa = PBXBuildFile; fileRef = 6D02794F2267CC6A002E7C85 /* RequestBuilder.swift */; };
		6D148D8B22679AE8001179BD /* CalculatorTestsAddition.swift in Sources */ = {isa = PBXBuildFile; fileRef = 6D148D8A22679AE8001179BD /* CalculatorTestsAddition.swift */; };
		6D148D932267A474001179BD /* CalculatorTestsSubtraction.swift in Sources */ = {isa = PBXBuildFile; fileRef = 6D148D922267A474001179BD /* CalculatorTestsSubtraction.swift */; };
		6D148D952267A4B2001179BD /* CalculatorTestsMultiplication.swift in Sources */ = {isa = PBXBuildFile; fileRef = 6D148D942267A4B2001179BD /* CalculatorTestsMultiplication.swift */; };
		6D148D972267A502001179BD /* CalculatorTestsDivision.swift in Sources */ = {isa = PBXBuildFile; fileRef = 6D148D962267A502001179BD /* CalculatorTestsDivision.swift */; };
		6D148D9A2267A9BD001179BD /* Operator.swift in Sources */ = {isa = PBXBuildFile; fileRef = 6D148D992267A9BD001179BD /* Operator.swift */; };
		6D148D9C2267B8B4001179BD /* CalculatorTestsOverflow.swift in Sources */ = {isa = PBXBuildFile; fileRef = 6D148D9B2267B8B4001179BD /* CalculatorTestsOverflow.swift */; };
		6D2C2F062265081A00380236 /* StdMethods.swift in Sources */ = {isa = PBXBuildFile; fileRef = 6D2C2F052265081A00380236 /* StdMethods.swift */; };
		6D2C2F092265089500380236 /* OperatorGrid.swift in Sources */ = {isa = PBXBuildFile; fileRef = 6D2C2F072265089500380236 /* OperatorGrid.swift */; };
		6D2C2F0A2265089500380236 /* OperatorSquare.swift in Sources */ = {isa = PBXBuildFile; fileRef = 6D2C2F082265089500380236 /* OperatorSquare.swift */; };
		6D3E43532267CBC200BFFA1F /* NetworkManager.swift in Sources */ = {isa = PBXBuildFile; fileRef = 6D3E43522267CBC200BFFA1F /* NetworkManager.swift */; };
		6D8746902265CFAB004C37BA /* Display.swift in Sources */ = {isa = PBXBuildFile; fileRef = 6D87468F2265CFAB004C37BA /* Display.swift */; };
		6D8746932265D4B3004C37BA /* Calculator.swift in Sources */ = {isa = PBXBuildFile; fileRef = 6D8746922265D4B3004C37BA /* Calculator.swift */; };
		6D8B785E2264EF8100B65877 /* AppDelegate.swift in Sources */ = {isa = PBXBuildFile; fileRef = 6D8B785D2264EF8100B65877 /* AppDelegate.swift */; };
		6D8B78602264EF8100B65877 /* CalculatorViewController.swift in Sources */ = {isa = PBXBuildFile; fileRef = 6D8B785F2264EF8100B65877 /* CalculatorViewController.swift */; };
		6D8B78652264EF8200B65877 /* Assets.xcassets in Resources */ = {isa = PBXBuildFile; fileRef = 6D8B78642264EF8200B65877 /* Assets.xcassets */; };
		6D8B78682264EF8200B65877 /* LaunchScreen.storyboard in Resources */ = {isa = PBXBuildFile; fileRef = 6D8B78662264EF8200B65877 /* LaunchScreen.storyboard */; };
		BE1227C640011E970CC748A1 /* Pods_Calculator.framework in Frameworks */ = {isa = PBXBuildFile; fileRef = B7FF15EE6692CAF5B7676349 /* Pods_Calculator.framework */; };
		CB4FA0C5FB4504C350301349 /* Pods_CalculatorTests.framework in Frameworks */ = {isa = PBXBuildFile; fileRef = 119C8DD321087814FB72A351 /* Pods_CalculatorTests.framework */; };
/* End PBXBuildFile section */

/* Begin PBXContainerItemProxy section */
		6D148D8D22679AE8001179BD /* PBXContainerItemProxy */ = {
			isa = PBXContainerItemProxy;
			containerPortal = 6D8B78522264EF8100B65877 /* Project object */;
			proxyType = 1;
			remoteGlobalIDString = 6D8B78592264EF8100B65877;
			remoteInfo = Calculator;
		};
/* End PBXContainerItemProxy section */

/* Begin PBXFileReference section */
		119C8DD321087814FB72A351 /* Pods_CalculatorTests.framework */ = {isa = PBXFileReference; explicitFileType = wrapper.framework; includeInIndex = 0; path = Pods_CalculatorTests.framework; sourceTree = BUILT_PRODUCTS_DIR; };
		36BD3EFD2659B3F2EDD1969B /* Pods-CalculatorTests.debug.xcconfig */ = {isa = PBXFileReference; includeInIndex = 1; lastKnownFileType = text.xcconfig; name = "Pods-CalculatorTests.debug.xcconfig"; path = "Target Support Files/Pods-CalculatorTests/Pods-CalculatorTests.debug.xcconfig"; sourceTree = "<group>"; };
		56F6E68A42CC677E35C97F9B /* Pods-Calculator.debug.xcconfig */ = {isa = PBXFileReference; includeInIndex = 1; lastKnownFileType = text.xcconfig; name = "Pods-Calculator.debug.xcconfig"; path = "Target Support Files/Pods-Calculator/Pods-Calculator.debug.xcconfig"; sourceTree = "<group>"; };
		6D02794F2267CC6A002E7C85 /* RequestBuilder.swift */ = {isa = PBXFileReference; lastKnownFileType = sourcecode.swift; path = RequestBuilder.swift; sourceTree = "<group>"; };
		6D148D8822679AE8001179BD /* CalculatorTests.xctest */ = {isa = PBXFileReference; explicitFileType = wrapper.cfbundle; includeInIndex = 0; path = CalculatorTests.xctest; sourceTree = BUILT_PRODUCTS_DIR; };
		6D148D8A22679AE8001179BD /* CalculatorTestsAddition.swift */ = {isa = PBXFileReference; lastKnownFileType = sourcecode.swift; path = CalculatorTestsAddition.swift; sourceTree = "<group>"; };
		6D148D8C22679AE8001179BD /* Info.plist */ = {isa = PBXFileReference; lastKnownFileType = text.plist.xml; path = Info.plist; sourceTree = "<group>"; };
		6D148D922267A474001179BD /* CalculatorTestsSubtraction.swift */ = {isa = PBXFileReference; lastKnownFileType = sourcecode.swift; path = CalculatorTestsSubtraction.swift; sourceTree = "<group>"; };
		6D148D942267A4B2001179BD /* CalculatorTestsMultiplication.swift */ = {isa = PBXFileReference; lastKnownFileType = sourcecode.swift; path = CalculatorTestsMultiplication.swift; sourceTree = "<group>"; };
		6D148D962267A502001179BD /* CalculatorTestsDivision.swift */ = {isa = PBXFileReference; lastKnownFileType = sourcecode.swift; path = CalculatorTestsDivision.swift; sourceTree = "<group>"; };
		6D148D992267A9BD001179BD /* Operator.swift */ = {isa = PBXFileReference; lastKnownFileType = sourcecode.swift; path = Operator.swift; sourceTree = "<group>"; };
		6D148D9B2267B8B4001179BD /* CalculatorTestsOverflow.swift */ = {isa = PBXFileReference; lastKnownFileType = sourcecode.swift; path = CalculatorTestsOverflow.swift; sourceTree = "<group>"; };
		6D2C2F052265081A00380236 /* StdMethods.swift */ = {isa = PBXFileReference; lastKnownFileType = sourcecode.swift; path = StdMethods.swift; sourceTree = "<group>"; };
		6D2C2F072265089500380236 /* OperatorGrid.swift */ = {isa = PBXFileReference; fileEncoding = 4; lastKnownFileType = sourcecode.swift; name = OperatorGrid.swift; path = Calculator/Views/OperatorGrid.swift; sourceTree = SOURCE_ROOT; };
		6D2C2F082265089500380236 /* OperatorSquare.swift */ = {isa = PBXFileReference; fileEncoding = 4; lastKnownFileType = sourcecode.swift; name = OperatorSquare.swift; path = Calculator/Views/OperatorSquare.swift; sourceTree = SOURCE_ROOT; };
		6D3E43522267CBC200BFFA1F /* NetworkManager.swift */ = {isa = PBXFileReference; lastKnownFileType = sourcecode.swift; path = NetworkManager.swift; sourceTree = "<group>"; };
		6D87468F2265CFAB004C37BA /* Display.swift */ = {isa = PBXFileReference; lastKnownFileType = sourcecode.swift; path = Display.swift; sourceTree = "<group>"; };
		6D8746922265D4B3004C37BA /* Calculator.swift */ = {isa = PBXFileReference; lastKnownFileType = sourcecode.swift; path = Calculator.swift; sourceTree = "<group>"; };
		6D8B785A2264EF8100B65877 /* Calculator.app */ = {isa = PBXFileReference; explicitFileType = wrapper.application; includeInIndex = 0; path = Calculator.app; sourceTree = BUILT_PRODUCTS_DIR; };
		6D8B785D2264EF8100B65877 /* AppDelegate.swift */ = {isa = PBXFileReference; lastKnownFileType = sourcecode.swift; path = AppDelegate.swift; sourceTree = "<group>"; };
		6D8B785F2264EF8100B65877 /* CalculatorViewController.swift */ = {isa = PBXFileReference; lastKnownFileType = sourcecode.swift; path = CalculatorViewController.swift; sourceTree = "<group>"; };
		6D8B78642264EF8200B65877 /* Assets.xcassets */ = {isa = PBXFileReference; lastKnownFileType = folder.assetcatalog; path = Assets.xcassets; sourceTree = "<group>"; };
		6D8B78672264EF8200B65877 /* Base */ = {isa = PBXFileReference; lastKnownFileType = file.storyboard; name = Base; path = Base.lproj/LaunchScreen.storyboard; sourceTree = "<group>"; };
		6D8B78692264EF8200B65877 /* Info.plist */ = {isa = PBXFileReference; lastKnownFileType = text.plist.xml; path = Info.plist; sourceTree = "<group>"; };
		7615E9D2C8324DCA5D07C4A1 /* Pods-CalculatorTests.release.xcconfig */ = {isa = PBXFileReference; includeInIndex = 1; lastKnownFileType = text.xcconfig; name = "Pods-CalculatorTests.release.xcconfig"; path = "Target Support Files/Pods-CalculatorTests/Pods-CalculatorTests.release.xcconfig"; sourceTree = "<group>"; };
		B7FF15EE6692CAF5B7676349 /* Pods_Calculator.framework */ = {isa = PBXFileReference; explicitFileType = wrapper.framework; includeInIndex = 0; path = Pods_Calculator.framework; sourceTree = BUILT_PRODUCTS_DIR; };
		EC54E486ADC6497A5942E2F0 /* Pods-Calculator.release.xcconfig */ = {isa = PBXFileReference; includeInIndex = 1; lastKnownFileType = text.xcconfig; name = "Pods-Calculator.release.xcconfig"; path = "Target Support Files/Pods-Calculator/Pods-Calculator.release.xcconfig"; sourceTree = "<group>"; };
/* End PBXFileReference section */

/* Begin PBXFrameworksBuildPhase section */
		6D148D8522679AE8001179BD /* Frameworks */ = {
			isa = PBXFrameworksBuildPhase;
			buildActionMask = 2147483647;
			files = (
				CB4FA0C5FB4504C350301349 /* Pods_CalculatorTests.framework in Frameworks */,
			);
			runOnlyForDeploymentPostprocessing = 0;
		};
		6D8B78572264EF8100B65877 /* Frameworks */ = {
			isa = PBXFrameworksBuildPhase;
			buildActionMask = 2147483647;
			files = (
				BE1227C640011E970CC748A1 /* Pods_Calculator.framework in Frameworks */,
			);
			runOnlyForDeploymentPostprocessing = 0;
		};
/* End PBXFrameworksBuildPhase section */

/* Begin PBXGroup section */
		434372F35444D2B7F9196076 /* Frameworks */ = {
			isa = PBXGroup;
			children = (
				B7FF15EE6692CAF5B7676349 /* Pods_Calculator.framework */,
				119C8DD321087814FB72A351 /* Pods_CalculatorTests.framework */,
			);
			name = Frameworks;
			sourceTree = "<group>";
		};
		6D148D8922679AE8001179BD /* CalculatorTests */ = {
			isa = PBXGroup;
			children = (
				6D148D8C22679AE8001179BD /* Info.plist */,
				6D148D8A22679AE8001179BD /* CalculatorTestsAddition.swift */,
				6D148D922267A474001179BD /* CalculatorTestsSubtraction.swift */,
				6D148D942267A4B2001179BD /* CalculatorTestsMultiplication.swift */,
				6D148D962267A502001179BD /* CalculatorTestsDivision.swift */,
				6D148D9B2267B8B4001179BD /* CalculatorTestsOverflow.swift */,
			);
			path = CalculatorTests;
			sourceTree = "<group>";
		};
		6D148D982267A9AF001179BD /* Enums */ = {
			isa = PBXGroup;
			children = (
				6D148D992267A9BD001179BD /* Operator.swift */,
			);
			path = Enums;
			sourceTree = "<group>";
		};
		6D2C2F042265080A00380236 /* Extensions */ = {
			isa = PBXGroup;
			children = (
				6D2C2F052265081A00380236 /* StdMethods.swift */,
			);
			path = Extensions;
			sourceTree = "<group>";
		};
		6D3E43512267CBB400BFFA1F /* API */ = {
			isa = PBXGroup;
			children = (
				6D3E43522267CBC200BFFA1F /* NetworkManager.swift */,
				6D02794F2267CC6A002E7C85 /* RequestBuilder.swift */,
			);
			path = API;
			sourceTree = "<group>";
		};
		6D8746912265D49F004C37BA /* Controllers */ = {
			isa = PBXGroup;
			children = (
				6D8746922265D4B3004C37BA /* Calculator.swift */,
			);
			path = Controllers;
			sourceTree = "<group>";
		};
		6D8B78512264EF8100B65877 = {
			isa = PBXGroup;
			children = (
				6D8B785C2264EF8100B65877 /* Calculator */,
				6D148D8922679AE8001179BD /* CalculatorTests */,
				6D8B785B2264EF8100B65877 /* Products */,
				ACA6CDB47D7BD1A510A3EA13 /* Pods */,
				434372F35444D2B7F9196076 /* Frameworks */,
			);
			sourceTree = "<group>";
		};
		6D8B785B2264EF8100B65877 /* Products */ = {
			isa = PBXGroup;
			children = (
				6D8B785A2264EF8100B65877 /* Calculator.app */,
				6D148D8822679AE8001179BD /* CalculatorTests.xctest */,
			);
			name = Products;
			sourceTree = "<group>";
		};
		6D8B785C2264EF8100B65877 /* Calculator */ = {
			isa = PBXGroup;
			children = (
				6D8B78692264EF8200B65877 /* Info.plist */,
				6D8B785D2264EF8100B65877 /* AppDelegate.swift */,
				6D3E43512267CBB400BFFA1F /* API */,
				6D8746912265D49F004C37BA /* Controllers */,
				6D148D982267A9AF001179BD /* Enums */,
				6D2C2F042265080A00380236 /* Extensions */,
				6D8B786F2264F01200B65877 /* Pages */,
				6D8B78732264F14B00B65877 /* Views */,
				6D8B78702264F02500B65877 /* Ressources */,
			);
			path = Calculator;
			sourceTree = "<group>";
		};
		6D8B786F2264F01200B65877 /* Pages */ = {
			isa = PBXGroup;
			children = (
				6D8B78722264F08600B65877 /* Launch */,
				6D8B78712264F06900B65877 /* Main */,
			);
			path = Pages;
			sourceTree = "<group>";
		};
		6D8B78702264F02500B65877 /* Ressources */ = {
			isa = PBXGroup;
			children = (
				6D8B78642264EF8200B65877 /* Assets.xcassets */,
			);
			path = Ressources;
			sourceTree = "<group>";
		};
		6D8B78712264F06900B65877 /* Main */ = {
			isa = PBXGroup;
			children = (
				6D8B785F2264EF8100B65877 /* CalculatorViewController.swift */,
			);
			path = Main;
			sourceTree = "<group>";
		};
		6D8B78722264F08600B65877 /* Launch */ = {
			isa = PBXGroup;
			children = (
				6D8B78662264EF8200B65877 /* LaunchScreen.storyboard */,
			);
			path = Launch;
			sourceTree = "<group>";
		};
		6D8B78732264F14B00B65877 /* Views */ = {
			isa = PBXGroup;
			children = (
				6D2C2F072265089500380236 /* OperatorGrid.swift */,
				6D2C2F082265089500380236 /* OperatorSquare.swift */,
				6D87468F2265CFAB004C37BA /* Display.swift */,
			);
			path = Views;
			sourceTree = "<group>";
		};
		ACA6CDB47D7BD1A510A3EA13 /* Pods */ = {
			isa = PBXGroup;
			children = (
				56F6E68A42CC677E35C97F9B /* Pods-Calculator.debug.xcconfig */,
				EC54E486ADC6497A5942E2F0 /* Pods-Calculator.release.xcconfig */,
				36BD3EFD2659B3F2EDD1969B /* Pods-CalculatorTests.debug.xcconfig */,
				7615E9D2C8324DCA5D07C4A1 /* Pods-CalculatorTests.release.xcconfig */,
			);
			path = Pods;
			sourceTree = "<group>";
		};
/* End PBXGroup section */

/* Begin PBXNativeTarget section */
		6D148D8722679AE8001179BD /* CalculatorTests */ = {
			isa = PBXNativeTarget;
			buildConfigurationList = 6D148D9122679AE8001179BD /* Build configuration list for PBXNativeTarget "CalculatorTests" */;
			buildPhases = (
				3B7A1FA4AC09162D23247FB0 /* [CP] Check Pods Manifest.lock */,
				6D148D8422679AE8001179BD /* Sources */,
				6D148D8522679AE8001179BD /* Frameworks */,
				6D148D8622679AE8001179BD /* Resources */,
			);
			buildRules = (
			);
			dependencies = (
				6D148D8E22679AE8001179BD /* PBXTargetDependency */,
			);
			name = CalculatorTests;
			productName = CalculatorTests;
			productReference = 6D148D8822679AE8001179BD /* CalculatorTests.xctest */;
			productType = "com.apple.product-type.bundle.unit-test";
		};
		6D8B78592264EF8100B65877 /* Calculator */ = {
			isa = PBXNativeTarget;
			buildConfigurationList = 6D8B786C2264EF8200B65877 /* Build configuration list for PBXNativeTarget "Calculator" */;
			buildPhases = (
				A53F485EA398F20E0BD8E726 /* [CP] Check Pods Manifest.lock */,
				6D8B78562264EF8100B65877 /* Sources */,
				6D8B78572264EF8100B65877 /* Frameworks */,
				6D8B78582264EF8100B65877 /* Resources */,
				B4C4939A6C8422F5633C70DD /* [CP] Embed Pods Frameworks */,
			);
			buildRules = (
			);
			dependencies = (
			);
			name = Calculator;
			productName = Calculator;
			productReference = 6D8B785A2264EF8100B65877 /* Calculator.app */;
			productType = "com.apple.product-type.application";
		};
/* End PBXNativeTarget section */

/* Begin PBXProject section */
		6D8B78522264EF8100B65877 /* Project object */ = {
			isa = PBXProject;
			attributes = {
				LastSwiftUpdateCheck = 1020;
				LastUpgradeCheck = 1020;
				TargetAttributes = {
					6D148D8722679AE8001179BD = {
						CreatedOnToolsVersion = 10.2;
						TestTargetID = 6D8B78592264EF8100B65877;
					};
					6D8B78592264EF8100B65877 = {
						CreatedOnToolsVersion = 10.2;
					};
				};
			};
			buildConfigurationList = 6D8B78552264EF8100B65877 /* Build configuration list for PBXProject "Calculator" */;
			compatibilityVersion = "Xcode 9.3";
			developmentRegion = en;
			hasScannedForEncodings = 0;
			knownRegions = (
				en,
				Base,
			);
			mainGroup = 6D8B78512264EF8100B65877;
			productRefGroup = 6D8B785B2264EF8100B65877 /* Products */;
			projectDirPath = "";
			projectRoot = "";
			targets = (
				6D8B78592264EF8100B65877 /* Calculator */,
				6D148D8722679AE8001179BD /* CalculatorTests */,
			);
		};
/* End PBXProject section */

/* Begin PBXResourcesBuildPhase section */
		6D148D8622679AE8001179BD /* Resources */ = {
			isa = PBXResourcesBuildPhase;
			buildActionMask = 2147483647;
			files = (
			);
			runOnlyForDeploymentPostprocessing = 0;
		};
		6D8B78582264EF8100B65877 /* Resources */ = {
			isa = PBXResourcesBuildPhase;
			buildActionMask = 2147483647;
			files = (
				6D8B78682264EF8200B65877 /* LaunchScreen.storyboard in Resources */,
				6D8B78652264EF8200B65877 /* Assets.xcassets in Resources */,
			);
			runOnlyForDeploymentPostprocessing = 0;
		};
/* End PBXResourcesBuildPhase section */

/* Begin PBXShellScriptBuildPhase section */
		3B7A1FA4AC09162D23247FB0 /* [CP] Check Pods Manifest.lock */ = {
			isa = PBXShellScriptBuildPhase;
			buildActionMask = 2147483647;
			files = (
			);
			inputFileListPaths = (
			);
			inputPaths = (
				"${PODS_PODFILE_DIR_PATH}/Podfile.lock",
				"${PODS_ROOT}/Manifest.lock",
			);
			name = "[CP] Check Pods Manifest.lock";
			outputFileListPaths = (
			);
			outputPaths = (
				"$(DERIVED_FILE_DIR)/Pods-CalculatorTests-checkManifestLockResult.txt",
			);
			runOnlyForDeploymentPostprocessing = 0;
			shellPath = /bin/sh;
			shellScript = "diff \"${PODS_PODFILE_DIR_PATH}/Podfile.lock\" \"${PODS_ROOT}/Manifest.lock\" > /dev/null\nif [ $? != 0 ] ; then\n    # print error to STDERR\n    echo \"error: The sandbox is not in sync with the Podfile.lock. Run 'pod install' or update your CocoaPods installation.\" >&2\n    exit 1\nfi\n# This output is used by Xcode 'outputs' to avoid re-running this script phase.\necho \"SUCCESS\" > \"${SCRIPT_OUTPUT_FILE_0}\"\n";
			showEnvVarsInLog = 0;
		};
		A53F485EA398F20E0BD8E726 /* [CP] Check Pods Manifest.lock */ = {
			isa = PBXShellScriptBuildPhase;
			buildActionMask = 2147483647;
			files = (
			);
			inputFileListPaths = (
			);
			inputPaths = (
				"${PODS_PODFILE_DIR_PATH}/Podfile.lock",
				"${PODS_ROOT}/Manifest.lock",
			);
			name = "[CP] Check Pods Manifest.lock";
			outputFileListPaths = (
			);
			outputPaths = (
				"$(DERIVED_FILE_DIR)/Pods-Calculator-checkManifestLockResult.txt",
			);
			runOnlyForDeploymentPostprocessing = 0;
			shellPath = /bin/sh;
			shellScript = "diff \"${PODS_PODFILE_DIR_PATH}/Podfile.lock\" \"${PODS_ROOT}/Manifest.lock\" > /dev/null\nif [ $? != 0 ] ; then\n    # print error to STDERR\n    echo \"error: The sandbox is not in sync with the Podfile.lock. Run 'pod install' or update your CocoaPods installation.\" >&2\n    exit 1\nfi\n# This output is used by Xcode 'outputs' to avoid re-running this script phase.\necho \"SUCCESS\" > \"${SCRIPT_OUTPUT_FILE_0}\"\n";
			showEnvVarsInLog = 0;
		};
		B4C4939A6C8422F5633C70DD /* [CP] Embed Pods Frameworks */ = {
			isa = PBXShellScriptBuildPhase;
			buildActionMask = 2147483647;
			files = (
			);
			inputFileListPaths = (
			);
			inputPaths = (
				"${PODS_ROOT}/Target Support Files/Pods-Calculator/Pods-Calculator-frameworks.sh",
				"${BUILT_PRODUCTS_DIR}/Alamofire/Alamofire.framework",
			);
			name = "[CP] Embed Pods Frameworks";
			outputFileListPaths = (
			);
			outputPaths = (
				"${TARGET_BUILD_DIR}/${FRAMEWORKS_FOLDER_PATH}/Alamofire.framework",
			);
			runOnlyForDeploymentPostprocessing = 0;
			shellPath = /bin/sh;
			shellScript = "\"${PODS_ROOT}/Target Support Files/Pods-Calculator/Pods-Calculator-frameworks.sh\"\n";
			showEnvVarsInLog = 0;
		};
/* End PBXShellScriptBuildPhase section */

/* Begin PBXSourcesBuildPhase section */
		6D148D8422679AE8001179BD /* Sources */ = {
			isa = PBXSourcesBuildPhase;
			buildActionMask = 2147483647;
			files = (
				6D148D932267A474001179BD /* CalculatorTestsSubtraction.swift in Sources */,
				6D148D952267A4B2001179BD /* CalculatorTestsMultiplication.swift in Sources */,
				6D148D972267A502001179BD /* CalculatorTestsDivision.swift in Sources */,
				6D148D8B22679AE8001179BD /* CalculatorTestsAddition.swift in Sources */,
				6D148D9C2267B8B4001179BD /* CalculatorTestsOverflow.swift in Sources */,
			);
			runOnlyForDeploymentPostprocessing = 0;
		};
		6D8B78562264EF8100B65877 /* Sources */ = {
			isa = PBXSourcesBuildPhase;
			buildActionMask = 2147483647;
			files = (
				6D3E43532267CBC200BFFA1F /* NetworkManager.swift in Sources */,
				6D2C2F062265081A00380236 /* StdMethods.swift in Sources */,
				6D8B78602264EF8100B65877 /* CalculatorViewController.swift in Sources */,
				6D8746932265D4B3004C37BA /* Calculator.swift in Sources */,
				6D2C2F0A2265089500380236 /* OperatorSquare.swift in Sources */,
				6D0279502267CC6A002E7C85 /* RequestBuilder.swift in Sources */,
				6D8B785E2264EF8100B65877 /* AppDelegate.swift in Sources */,
				6D8746902265CFAB004C37BA /* Display.swift in Sources */,
				6D2C2F092265089500380236 /* OperatorGrid.swift in Sources */,
				6D148D9A2267A9BD001179BD /* Operator.swift in Sources */,
			);
			runOnlyForDeploymentPostprocessing = 0;
		};
/* End PBXSourcesBuildPhase section */

/* Begin PBXTargetDependency section */
		6D148D8E22679AE8001179BD /* PBXTargetDependency */ = {
			isa = PBXTargetDependency;
			target = 6D8B78592264EF8100B65877 /* Calculator */;
			targetProxy = 6D148D8D22679AE8001179BD /* PBXContainerItemProxy */;
		};
/* End PBXTargetDependency section */

/* Begin PBXVariantGroup section */
		6D8B78662264EF8200B65877 /* LaunchScreen.storyboard */ = {
			isa = PBXVariantGroup;
			children = (
				6D8B78672264EF8200B65877 /* Base */,
			);
			name = LaunchScreen.storyboard;
			sourceTree = "<group>";
		};
/* End PBXVariantGroup section */

/* Begin XCBuildConfiguration section */
		6D148D8F22679AE8001179BD /* Debug */ = {
			isa = XCBuildConfiguration;
			baseConfigurationReference = 36BD3EFD2659B3F2EDD1969B /* Pods-CalculatorTests.debug.xcconfig */;
			buildSettings = {
				BUNDLE_LOADER = "$(TEST_HOST)";
				CODE_SIGN_STYLE = Automatic;
				DEVELOPMENT_TEAM = SR99TY96Z9;
				INFOPLIST_FILE = CalculatorTests/Info.plist;
				LD_RUNPATH_SEARCH_PATHS = (
					"$(inherited)",
					"@executable_path/Frameworks",
					"@loader_path/Frameworks",
				);
				PRODUCT_BUNDLE_IDENTIFIER = com.overallapps.CalculatorTests;
				PRODUCT_NAME = "$(TARGET_NAME)";
				SWIFT_VERSION = 5.0;
				TARGETED_DEVICE_FAMILY = "1,2";
				TEST_HOST = "$(BUILT_PRODUCTS_DIR)/Calculator.app/Calculator";
			};
			name = Debug;
		};
		6D148D9022679AE8001179BD /* Release */ = {
			isa = XCBuildConfiguration;
			baseConfigurationReference = 7615E9D2C8324DCA5D07C4A1 /* Pods-CalculatorTests.release.xcconfig */;
			buildSettings = {
				BUNDLE_LOADER = "$(TEST_HOST)";
				CODE_SIGN_STYLE = Automatic;
				DEVELOPMENT_TEAM = SR99TY96Z9;
				INFOPLIST_FILE = CalculatorTests/Info.plist;
				LD_RUNPATH_SEARCH_PATHS = (
					"$(inherited)",
					"@executable_path/Frameworks",
					"@loader_path/Frameworks",
				);
				PRODUCT_BUNDLE_IDENTIFIER = com.overallapps.CalculatorTests;
				PRODUCT_NAME = "$(TARGET_NAME)";
				SWIFT_VERSION = 5.0;
				TARGETED_DEVICE_FAMILY = "1,2";
				TEST_HOST = "$(BUILT_PRODUCTS_DIR)/Calculator.app/Calculator";
			};
			name = Release;
		};
		6D8B786A2264EF8200B65877 /* Debug */ = {
			isa = XCBuildConfiguration;
			buildSettings = {
				ALWAYS_SEARCH_USER_PATHS = NO;
				CLANG_ANALYZER_NONNULL = YES;
				CLANG_ANALYZER_NUMBER_OBJECT_CONVERSION = YES_AGGRESSIVE;
				CLANG_CXX_LANGUAGE_STANDARD = "gnu++14";
				CLANG_CXX_LIBRARY = "libc++";
				CLANG_ENABLE_MODULES = YES;
				CLANG_ENABLE_OBJC_ARC = YES;
				CLANG_ENABLE_OBJC_WEAK = YES;
				CLANG_WARN_BLOCK_CAPTURE_AUTORELEASING = YES;
				CLANG_WARN_BOOL_CONVERSION = YES;
				CLANG_WARN_COMMA = YES;
				CLANG_WARN_CONSTANT_CONVERSION = YES;
				CLANG_WARN_DEPRECATED_OBJC_IMPLEMENTATIONS = YES;
				CLANG_WARN_DIRECT_OBJC_ISA_USAGE = YES_ERROR;
				CLANG_WARN_DOCUMENTATION_COMMENTS = YES;
				CLANG_WARN_EMPTY_BODY = YES;
				CLANG_WARN_ENUM_CONVERSION = YES;
				CLANG_WARN_INFINITE_RECURSION = YES;
				CLANG_WARN_INT_CONVERSION = YES;
				CLANG_WARN_NON_LITERAL_NULL_CONVERSION = YES;
				CLANG_WARN_OBJC_IMPLICIT_RETAIN_SELF = YES;
				CLANG_WARN_OBJC_LITERAL_CONVERSION = YES;
				CLANG_WARN_OBJC_ROOT_CLASS = YES_ERROR;
				CLANG_WARN_RANGE_LOOP_ANALYSIS = YES;
				CLANG_WARN_STRICT_PROTOTYPES = YES;
				CLANG_WARN_SUSPICIOUS_MOVE = YES;
				CLANG_WARN_UNGUARDED_AVAILABILITY = YES_AGGRESSIVE;
				CLANG_WARN_UNREACHABLE_CODE = YES;
				CLANG_WARN__DUPLICATE_METHOD_MATCH = YES;
				CODE_SIGN_IDENTITY = "iPhone Developer";
				COPY_PHASE_STRIP = NO;
				DEBUG_INFORMATION_FORMAT = dwarf;
				ENABLE_STRICT_OBJC_MSGSEND = YES;
				ENABLE_TESTABILITY = YES;
				GCC_C_LANGUAGE_STANDARD = gnu11;
				GCC_DYNAMIC_NO_PIC = NO;
				GCC_NO_COMMON_BLOCKS = YES;
				GCC_OPTIMIZATION_LEVEL = 0;
				GCC_PREPROCESSOR_DEFINITIONS = (
					"DEBUG=1",
					"$(inherited)",
				);
				GCC_WARN_64_TO_32_BIT_CONVERSION = YES;
				GCC_WARN_ABOUT_RETURN_TYPE = YES_ERROR;
				GCC_WARN_UNDECLARED_SELECTOR = YES;
				GCC_WARN_UNINITIALIZED_AUTOS = YES_AGGRESSIVE;
				GCC_WARN_UNUSED_FUNCTION = YES;
				GCC_WARN_UNUSED_VARIABLE = YES;
				IPHONEOS_DEPLOYMENT_TARGET = 12.2;
				MTL_ENABLE_DEBUG_INFO = INCLUDE_SOURCE;
				MTL_FAST_MATH = YES;
				ONLY_ACTIVE_ARCH = YES;
				SDKROOT = iphoneos;
				SWIFT_ACTIVE_COMPILATION_CONDITIONS = DEBUG;
				SWIFT_OPTIMIZATION_LEVEL = "-Onone";
			};
			name = Debug;
		};
		6D8B786B2264EF8200B65877 /* Release */ = {
			isa = XCBuildConfiguration;
			buildSettings = {
				ALWAYS_SEARCH_USER_PATHS = NO;
				CLANG_ANALYZER_NONNULL = YES;
				CLANG_ANALYZER_NUMBER_OBJECT_CONVERSION = YES_AGGRESSIVE;
				CLANG_CXX_LANGUAGE_STANDARD = "gnu++14";
				CLANG_CXX_LIBRARY = "libc++";
				CLANG_ENABLE_MODULES = YES;
				CLANG_ENABLE_OBJC_ARC = YES;
				CLANG_ENABLE_OBJC_WEAK = YES;
				CLANG_WARN_BLOCK_CAPTURE_AUTORELEASING = YES;
				CLANG_WARN_BOOL_CONVERSION = YES;
				CLANG_WARN_COMMA = YES;
				CLANG_WARN_CONSTANT_CONVERSION = YES;
				CLANG_WARN_DEPRECATED_OBJC_IMPLEMENTATIONS = YES;
				CLANG_WARN_DIRECT_OBJC_ISA_USAGE = YES_ERROR;
				CLANG_WARN_DOCUMENTATION_COMMENTS = YES;
				CLANG_WARN_EMPTY_BODY = YES;
				CLANG_WARN_ENUM_CONVERSION = YES;
				CLANG_WARN_INFINITE_RECURSION = YES;
				CLANG_WARN_INT_CONVERSION = YES;
				CLANG_WARN_NON_LITERAL_NULL_CONVERSION = YES;
				CLANG_WARN_OBJC_IMPLICIT_RETAIN_SELF = YES;
				CLANG_WARN_OBJC_LITERAL_CONVERSION = YES;
				CLANG_WARN_OBJC_ROOT_CLASS = YES_ERROR;
				CLANG_WARN_RANGE_LOOP_ANALYSIS = YES;
				CLANG_WARN_STRICT_PROTOTYPES = YES;
				CLANG_WARN_SUSPICIOUS_MOVE = YES;
				CLANG_WARN_UNGUARDED_AVAILABILITY = YES_AGGRESSIVE;
				CLANG_WARN_UNREACHABLE_CODE = YES;
				CLANG_WARN__DUPLICATE_METHOD_MATCH = YES;
				CODE_SIGN_IDENTITY = "iPhone Developer";
				COPY_PHASE_STRIP = NO;
				DEBUG_INFORMATION_FORMAT = "dwarf-with-dsym";
				ENABLE_NS_ASSERTIONS = NO;
				ENABLE_STRICT_OBJC_MSGSEND = YES;
				GCC_C_LANGUAGE_STANDARD = gnu11;
				GCC_NO_COMMON_BLOCKS = YES;
				GCC_WARN_64_TO_32_BIT_CONVERSION = YES;
				GCC_WARN_ABOUT_RETURN_TYPE = YES_ERROR;
				GCC_WARN_UNDECLARED_SELECTOR = YES;
				GCC_WARN_UNINITIALIZED_AUTOS = YES_AGGRESSIVE;
				GCC_WARN_UNUSED_FUNCTION = YES;
				GCC_WARN_UNUSED_VARIABLE = YES;
				IPHONEOS_DEPLOYMENT_TARGET = 12.2;
				MTL_ENABLE_DEBUG_INFO = NO;
				MTL_FAST_MATH = YES;
				SDKROOT = iphoneos;
				SWIFT_COMPILATION_MODE = wholemodule;
				SWIFT_OPTIMIZATION_LEVEL = "-O";
				VALIDATE_PRODUCT = YES;
			};
			name = Release;
		};
		6D8B786D2264EF8200B65877 /* Debug */ = {
			isa = XCBuildConfiguration;
			baseConfigurationReference = 56F6E68A42CC677E35C97F9B /* Pods-Calculator.debug.xcconfig */;
			buildSettings = {
				ASSETCATALOG_COMPILER_APPICON_NAME = AppIcon;
				CODE_SIGN_IDENTITY = "iPhone Developer";
				CODE_SIGN_STYLE = Automatic;
				DEVELOPMENT_TEAM = SR99TY96Z9;
				INFOPLIST_FILE = Calculator/Info.plist;
				IPHONEOS_DEPLOYMENT_TARGET = 11.0;
				LD_RUNPATH_SEARCH_PATHS = (
					"$(inherited)",
					"@executable_path/Frameworks",
				);
				PRODUCT_BUNDLE_IDENTIFIER = com.overallapps.Calculator;
				PRODUCT_NAME = "$(TARGET_NAME)";
				PROVISIONING_PROFILE_SPECIFIER = "";
				SWIFT_VERSION = 5.0;
				TARGETED_DEVICE_FAMILY = 1;
			};
			name = Debug;
		};
		6D8B786E2264EF8200B65877 /* Release */ = {
			isa = XCBuildConfiguration;
			baseConfigurationReference = EC54E486ADC6497A5942E2F0 /* Pods-Calculator.release.xcconfig */;
			buildSettings = {
				ASSETCATALOG_COMPILER_APPICON_NAME = AppIcon;
				CODE_SIGN_IDENTITY = "iPhone Developer";
				CODE_SIGN_STYLE = Automatic;
				DEVELOPMENT_TEAM = SR99TY96Z9;
				INFOPLIST_FILE = Calculator/Info.plist;
				IPHONEOS_DEPLOYMENT_TARGET = 11.0;
				LD_RUNPATH_SEARCH_PATHS = (
					"$(inherited)",
					"@executable_path/Frameworks",
				);
				PRODUCT_BUNDLE_IDENTIFIER = com.overallapps.Calculator;
				PRODUCT_NAME = "$(TARGET_NAME)";
				PROVISIONING_PROFILE_SPECIFIER = "";
				SWIFT_VERSION = 5.0;
				TARGETED_DEVICE_FAMILY = 1;
			};
			name = Release;
		};
/* End XCBuildConfiguration section */

/* Begin XCConfigurationList section */
		6D148D9122679AE8001179BD /* Build configuration list for PBXNativeTarget "CalculatorTests" */ = {
			isa = XCConfigurationList;
			buildConfigurations = (
				6D148D8F22679AE8001179BD /* Debug */,
				6D148D9022679AE8001179BD /* Release */,
			);
			defaultConfigurationIsVisible = 0;
			defaultConfigurationName = Release;
		};
		6D8B78552264EF8100B65877 /* Build configuration list for PBXProject "Calculator" */ = {
			isa = XCConfigurationList;
			buildConfigurations = (
				6D8B786A2264EF8200B65877 /* Debug */,
				6D8B786B2264EF8200B65877 /* Release */,
			);
			defaultConfigurationIsVisible = 0;
			defaultConfigurationName = Release;
		};
		6D8B786C2264EF8200B65877 /* Build configuration list for PBXNativeTarget "Calculator" */ = {
			isa = XCConfigurationList;
			buildConfigurations = (
				6D8B786D2264EF8200B65877 /* Debug */,
				6D8B786E2264EF8200B65877 /* Release */,
			);
			defaultConfigurationIsVisible = 0;
			defaultConfigurationName = Release;
		};
/* End XCConfigurationList section */
	};
	rootObject = 6D8B78522264EF8100B65877 /* Project object */;
}
